
Microsoft Visual Studio Solution File, Format Version 12.00
# Visual Studio Version 16
VisualStudioVersion = 16.0.29020.237
MinimumVisualStudioVersion = 10.0.40219.1
Project("{2150E333-8FDC-42A3-9474-1A3956D46DE8}") = "Libraries", "Libraries", "{5B5FDB34-8E0E-41D3-BF3F-66AF5E963F29}"
EndProject
Project("{FAE04EC0-301F-11D3-BF4B-00C04F79EFBC}") = "Develover.GUI", "Libraries\Develover.GUI\Develover.GUI.csproj", "{C6CC233F-2578-4170-99D9-CCA8CCC50CC7}"
EndProject
Project("{FAE04EC0-301F-11D3-BF4B-00C04F79EFBC}") = "Develover.Services", "Libraries\Develover.Services\Develover.Services.csproj", "{86649880-A3C1-4019-8533-0DD5A9CC8B1B}"
	ProjectSection(ProjectDependencies) = postProject
		{D37491EB-9A4A-4873-90AD-FEB893256D97} = {D37491EB-9A4A-4873-90AD-FEB893256D97}
	EndProjectSection
EndProject
Project("{FAE04EC0-301F-11D3-BF4B-00C04F79EFBC}") = "Develover", "Libraries\Develover\Develover.csproj", "{D37491EB-9A4A-4873-90AD-FEB893256D97}"
EndProject
Project("{FAE04EC0-301F-11D3-BF4B-00C04F79EFBC}") = "DeveloverWarehouse", "DeveloverWarehouse\DeveloverWarehouse.csproj", "{B3A3C42F-8FA5-4836-B3BF-B8AE0D64D106}"
EndProject
Project("{FAE04EC0-301F-11D3-BF4B-00C04F79EFBC}") = "Develover.Utilities", "Libraries\Develover.Utilities\Develover.Utilities.csproj", "{6DC6DE96-E1B3-433D-8358-88EE3835DEF8}"
EndProject
Project("{FAE04EC0-301F-11D3-BF4B-00C04F79EFBC}") = "DeveloverWarehouse.Services", "DeveloverWarehouse.Services\DeveloverWarehouse.Services.csproj", "{1FC4126A-1582-4279-A409-AF711F5F1D37}"
	ProjectSection(ProjectDependencies) = postProject
		{C6CC233F-2578-4170-99D9-CCA8CCC50CC7} = {C6CC233F-2578-4170-99D9-CCA8CCC50CC7}
	EndProjectSection
EndProject
Project("{FAE04EC0-301F-11D3-BF4B-00C04F79EFBC}") = "Develover.Core", "Libraries\Develover.Core\Develover.Core.csproj", "{5379910A-8A42-4254-A1B1-952542C43DDA}"
EndProject
Project("{FAE04EC0-301F-11D3-BF4B-00C04F79EFBC}") = "Develover.GUI.Services", "Develover.GUI.Services\Develover.GUI.Services.csproj", "{995A0B4D-8CF9-4614-9CCD-943072B18CEE}"
EndProject
Project("{FAE04EC0-301F-11D3-BF4B-00C04F79EFBC}") = "Develover.Modules", "Develover.Modules\Develover.Modules.csproj", "{D31ADF47-DD20-4983-BBE7-87855C25D1B6}"
EndProject
Project("{FAE04EC0-301F-11D3-BF4B-00C04F79EFBC}") = "Develover.Modules.Accounting", "Develover.Modules.Accounting\Develover.Modules.Accounting.csproj", "{3254FE7C-8513-495F-8BD1-186448BB2828}"
EndProject
Project("{FAE04EC0-301F-11D3-BF4B-00C04F79EFBC}") = "Develover.Modules.File", "Develover.Modules.File\Develover.Modules.File.csproj", "{1528E710-88A0-42A1-9C40-9BC5190221D2}"
EndProject
Project("{FAE04EC0-301F-11D3-BF4B-00C04F79EFBC}") = "Develover.Modules.General", "Develover.Modules.General\Develover.Modules.General.csproj", "{70FE1B72-9309-41B9-B3ED-F472682FFEB6}"
EndProject
Project("{FAE04EC0-301F-11D3-BF4B-00C04F79EFBC}") = "Develover.Modules.Inventory", "Develover.Modules.Inventory\Develover.Modules.Inventory.csproj", "{E333EFA4-85DB-42AF-B1FE-2943D132F28F}"
EndProject
Project("{FAE04EC0-301F-11D3-BF4B-00C04F79EFBC}") = "Develover.Modules.Purchasing", "Develover.Modules.Purchasing\Develover.Modules.Purchasing.csproj", "{DCF1200D-89A2-430A-BEBE-D4A0FCE8716E}"
EndProject
Project("{FAE04EC0-301F-11D3-BF4B-00C04F79EFBC}") = "Develover.Modules.Sales", "Develover.Modules.Sales\Develover.Modules.Sales.csproj", "{63939421-5823-4DD3-9E42-F992EA85AD01}"
EndProject
Project("{2150E333-8FDC-42A3-9474-1A3956D46DE8}") = "Modules", "Modules", "{4E73A3FA-9084-4F01-9B2E-53B10045CD66}"
EndProject
Global
	GlobalSection(SolutionConfigurationPlatforms) = preSolution
		Debug|Any CPU = Debug|Any CPU
		Release|Any CPU = Release|Any CPU
	EndGlobalSection
	GlobalSection(ProjectConfigurationPlatforms) = postSolution
		{C6CC233F-2578-4170-99D9-CCA8CCC50CC7}.Debug|Any CPU.ActiveCfg = Debug|Any CPU
		{C6CC233F-2578-4170-99D9-CCA8CCC50CC7}.Debug|Any CPU.Build.0 = Debug|Any CPU
		{C6CC233F-2578-4170-99D9-CCA8CCC50CC7}.Release|Any CPU.ActiveCfg = Release|Any CPU
		{C6CC233F-2578-4170-99D9-CCA8CCC50CC7}.Release|Any CPU.Build.0 = Release|Any CPU
		{86649880-A3C1-4019-8533-0DD5A9CC8B1B}.Debug|Any CPU.ActiveCfg = Debug|Any CPU
		{86649880-A3C1-4019-8533-0DD5A9CC8B1B}.Debug|Any CPU.Build.0 = Debug|Any CPU
		{86649880-A3C1-4019-8533-0DD5A9CC8B1B}.Release|Any CPU.ActiveCfg = Release|Any CPU
		{86649880-A3C1-4019-8533-0DD5A9CC8B1B}.Release|Any CPU.Build.0 = Release|Any CPU
		{D37491EB-9A4A-4873-90AD-FEB893256D97}.Debug|Any CPU.ActiveCfg = Debug|Any CPU
		{D37491EB-9A4A-4873-90AD-FEB893256D97}.Debug|Any CPU.Build.0 = Debug|Any CPU
		{D37491EB-9A4A-4873-90AD-FEB893256D97}.Release|Any CPU.ActiveCfg = Release|Any CPU
		{D37491EB-9A4A-4873-90AD-FEB893256D97}.Release|Any CPU.Build.0 = Release|Any CPU
		{B3A3C42F-8FA5-4836-B3BF-B8AE0D64D106}.Debug|Any CPU.ActiveCfg = Debug|Any CPU
		{B3A3C42F-8FA5-4836-B3BF-B8AE0D64D106}.Debug|Any CPU.Build.0 = Debug|Any CPU
		{B3A3C42F-8FA5-4836-B3BF-B8AE0D64D106}.Release|Any CPU.ActiveCfg = Release|Any CPU
		{B3A3C42F-8FA5-4836-B3BF-B8AE0D64D106}.Release|Any CPU.Build.0 = Release|Any CPU
		{6DC6DE96-E1B3-433D-8358-88EE3835DEF8}.Debug|Any CPU.ActiveCfg = Debug|Any CPU
		{6DC6DE96-E1B3-433D-8358-88EE3835DEF8}.Debug|Any CPU.Build.0 = Debug|Any CPU
		{6DC6DE96-E1B3-433D-8358-88EE3835DEF8}.Release|Any CPU.ActiveCfg = Release|Any CPU
		{6DC6DE96-E1B3-433D-8358-88EE3835DEF8}.Release|Any CPU.Build.0 = Release|Any CPU
		{1FC4126A-1582-4279-A409-AF711F5F1D37}.Debug|Any CPU.ActiveCfg = Debug|Any CPU
		{1FC4126A-1582-4279-A409-AF711F5F1D37}.Debug|Any CPU.Build.0 = Debug|Any CPU
		{1FC4126A-1582-4279-A409-AF711F5F1D37}.Release|Any CPU.ActiveCfg = Release|Any CPU
		{1FC4126A-1582-4279-A409-AF711F5F1D37}.Release|Any CPU.Build.0 = Release|Any CPU
		{5379910A-8A42-4254-A1B1-952542C43DDA}.Debug|Any CPU.ActiveCfg = Debug|Any CPU
		{5379910A-8A42-4254-A1B1-952542C43DDA}.Debug|Any CPU.Build.0 = Debug|Any CPU
		{5379910A-8A42-4254-A1B1-952542C43DDA}.Release|Any CPU.ActiveCfg = Release|Any CPU
		{5379910A-8A42-4254-A1B1-952542C43DDA}.Release|Any CPU.Build.0 = Release|Any CPU
		{995A0B4D-8CF9-4614-9CCD-943072B18CEE}.Debug|Any CPU.ActiveCfg = Debug|Any CPU
		{995A0B4D-8CF9-4614-9CCD-943072B18CEE}.Debug|Any CPU.Build.0 = Debug|Any CPU
		{995A0B4D-8CF9-4614-9CCD-943072B18CEE}.Release|Any CPU.ActiveCfg = Release|Any CPU
		{995A0B4D-8CF9-4614-9CCD-943072B18CEE}.Release|Any CPU.Build.0 = Release|Any CPU
		{D31ADF47-DD20-4983-BBE7-87855C25D1B6}.Debug|Any CPU.ActiveCfg = Debug|Any CPU
		{D31ADF47-DD20-4983-BBE7-87855C25D1B6}.Debug|Any CPU.Build.0 = Debug|Any CPU
		{D31ADF47-DD20-4983-BBE7-87855C25D1B6}.Release|Any CPU.ActiveCfg = Release|Any CPU
		{D31ADF47-DD20-4983-BBE7-87855C25D1B6}.Release|Any CPU.Build.0 = Release|Any CPU
		{3254FE7C-8513-495F-8BD1-186448BB2828}.Debug|Any CPU.ActiveCfg = Debug|Any CPU
		{3254FE7C-8513-495F-8BD1-186448BB2828}.Debug|Any CPU.Build.0 = Debug|Any CPU
		{3254FE7C-8513-495F-8BD1-186448BB2828}.Release|Any CPU.ActiveCfg = Release|Any CPU
		{3254FE7C-8513-495F-8BD1-186448BB2828}.Release|Any CPU.Build.0 = Release|Any CPU
		{1528E710-88A0-42A1-9C40-9BC5190221D2}.Debug|Any CPU.ActiveCfg = Debug|Any CPU
		{1528E710-88A0-42A1-9C40-9BC5190221D2}.Debug|Any CPU.Build.0 = Debug|Any CPU
		{1528E710-88A0-42A1-9C40-9BC5190221D2}.Release|Any CPU.ActiveCfg = Release|Any CPU
		{1528E710-88A0-42A1-9C40-9BC5190221D2}.Release|Any CPU.Build.0 = Release|Any CPU
		{70FE1B72-9309-41B9-B3ED-F472682FFEB6}.Debug|Any CPU.ActiveCfg = Debug|Any CPU
		{70FE1B72-9309-41B9-B3ED-F472682FFEB6}.Debug|Any CPU.Build.0 = Debug|Any CPU
		{70FE1B72-9309-41B9-B3ED-F472682FFEB6}.Release|Any CPU.ActiveCfg = Release|Any CPU
		{70FE1B72-9309-41B9-B3ED-F472682FFEB6}.Release|Any CPU.Build.0 = Release|Any CPU
		{E333EFA4-85DB-42AF-B1FE-2943D132F28F}.Debug|Any CPU.ActiveCfg = Debug|Any CPU
		{E333EFA4-85DB-42AF-B1FE-2943D132F28F}.Debug|Any CPU.Build.0 = Debug|Any CPU
		{E333EFA4-85DB-42AF-B1FE-2943D132F28F}.Release|Any CPU.ActiveCfg = Release|Any CPU
		{E333EFA4-85DB-42AF-B1FE-2943D132F28F}.Release|Any CPU.Build.0 = Release|Any CPU
		{DCF1200D-89A2-430A-BEBE-D4A0FCE8716E}.Debug|Any CPU.ActiveCfg = Debug|Any CPU
		{DCF1200D-89A2-430A-BEBE-D4A0FCE8716E}.Debug|Any CPU.Build.0 = Debug|Any CPU
		{DCF1200D-89A2-430A-BEBE-D4A0FCE8716E}.Release|Any CPU.ActiveCfg = Release|Any CPU
		{DCF1200D-89A2-430A-BEBE-D4A0FCE8716E}.Release|Any CPU.Build.0 = Release|Any CPU
		{63939421-5823-4DD3-9E42-F992EA85AD01}.Debug|Any CPU.ActiveCfg = Debug|Any CPU
		{63939421-5823-4DD3-9E42-F992EA85AD01}.Debug|Any CPU.Build.0 = Debug|Any CPU
		{63939421-5823-4DD3-9E42-F992EA85AD01}.Release|Any CPU.ActiveCfg = Release|Any CPU
		{63939421-5823-4DD3-9E42-F992EA85AD01}.Release|Any CPU.Build.0 = Release|Any CPU
	EndGlobalSection
	GlobalSection(SolutionProperties) = preSolution
		HideSolutionNode = FALSE
	EndGlobalSection
	GlobalSection(NestedProjects) = preSolution
		{C6CC233F-2578-4170-99D9-CCA8CCC50CC7} = {5B5FDB34-8E0E-41D3-BF3F-66AF5E963F29}
		{86649880-A3C1-4019-8533-0DD5A9CC8B1B} = {5B5FDB34-8E0E-41D3-BF3F-66AF5E963F29}
		{D37491EB-9A4A-4873-90AD-FEB893256D97} = {5B5FDB34-8E0E-41D3-BF3F-66AF5E963F29}
		{6DC6DE96-E1B3-433D-8358-88EE3835DEF8} = {5B5FDB34-8E0E-41D3-BF3F-66AF5E963F29}
		{5379910A-8A42-4254-A1B1-952542C43DDA} = {5B5FDB34-8E0E-41D3-BF3F-66AF5E963F29}
		{995A0B4D-8CF9-4614-9CCD-943072B18CEE} = {5B5FDB34-8E0E-41D3-BF3F-66AF5E963F29}
		{D31ADF47-DD20-4983-BBE7-87855C25D1B6} = {4E73A3FA-9084-4F01-9B2E-53B10045CD66}
		{3254FE7C-8513-495F-8BD1-186448BB2828} = {4E73A3FA-9084-4F01-9B2E-53B10045CD66}
		{1528E710-88A0-42A1-9C40-9BC5190221D2} = {4E73A3FA-9084-4F01-9B2E-53B10045CD66}
		{70FE1B72-9309-41B9-B3ED-F472682FFEB6} = {4E73A3FA-9084-4F01-9B2E-53B10045CD66}
		{E333EFA4-85DB-42AF-B1FE-2943D132F28F} = {4E73A3FA-9084-4F01-9B2E-53B10045CD66}
		{DCF1200D-89A2-430A-BEBE-D4A0FCE8716E} = {4E73A3FA-9084-4F01-9B2E-53B10045CD66}
		{63939421-5823-4DD3-9E42-F992EA85AD01} = {4E73A3FA-9084-4F01-9B2E-53B10045CD66}
		{4E73A3FA-9084-4F01-9B2E-53B10045CD66} = {5B5FDB34-8E0E-41D3-BF3F-66AF5E963F29}
	EndGlobalSection
	GlobalSection(ExtensibilityGlobals) = postSolution
		SolutionGuid = {895CCA58-ED3B-4ECE-BA24-C3AAAAC72836}
	EndGlobalSection
EndGlobal
